
Microsoft Visual Studio Solution File, Format Version 12.00
# Visual Studio Version 16
VisualStudioVersion = 16.0.31025.218
MinimumVisualStudioVersion = 10.0.40219.1
Project("{FAE04EC0-301F-11D3-BF4B-00C04F79EFBC}") = "PubSubZeroMQ.Publisher", "PubSubZeroMQ.Publisher\PubSubZeroMQ.Publisher.csproj", "{2B3811DB-C331-423A-9EB8-69F4D30608D3}"
EndProject
Project("{FAE04EC0-301F-11D3-BF4B-00C04F79EFBC}") = "PubSubZeroMQ.Shared", "PubSubZeroMQ.Shared\PubSubZeroMQ.Shared.csproj", "{2F6DFBEF-91F2-4D52-980C-60A110E34FB8}"
EndProject
Project("{FAE04EC0-301F-11D3-BF4B-00C04F79EFBC}") = "PubSubZeroMQ.Subscriber", "PubSubZeroMQ.Subscriber\PubSubZeroMQ.Subscriber.csproj", "{33EC323E-3D25-4894-A938-21852249FFC7}"
EndProject
Global
	GlobalSection(SolutionConfigurationPlatforms) = preSolution
		Debug|Any CPU = Debug|Any CPU
		Release|Any CPU = Release|Any CPU
	EndGlobalSection
	GlobalSection(ProjectConfigurationPlatforms) = postSolution
		{2B3811DB-C331-423A-9EB8-69F4D30608D3}.Debug|Any CPU.ActiveCfg = Debug|Any CPU
		{2B3811DB-C331-423A-9EB8-69F4D30608D3}.Debug|Any CPU.Build.0 = Debug|Any CPU
		{2B3811DB-C331-423A-9EB8-69F4D30608D3}.Release|Any CPU.ActiveCfg = Release|Any CPU
		{2B3811DB-C331-423A-9EB8-69F4D30608D3}.Release|Any CPU.Build.0 = Release|Any CPU
		{2F6DFBEF-91F2-4D52-980C-60A110E34FB8}.Debug|Any CPU.ActiveCfg = Debug|Any CPU
		{2F6DFBEF-91F2-4D52-980C-60A110E34FB8}.Debug|Any CPU.Build.0 = Debug|Any CPU
		{2F6DFBEF-91F2-4D52-980C-60A110E34FB8}.Release|Any CPU.ActiveCfg = Release|Any CPU
		{2F6DFBEF-91F2-4D52-980C-60A110E34FB8}.Release|Any CPU.Build.0 = Release|Any CPU
		{33EC323E-3D25-4894-A938-21852249FFC7}.Debug|Any CPU.ActiveCfg = Debug|Any CPU
		{33EC323E-3D25-4894-A938-21852249FFC7}.Debug|Any CPU.Build.0 = Debug|Any CPU
		{33EC323E-3D25-4894-A938-21852249FFC7}.Release|Any CPU.ActiveCfg = Release|Any CPU
		{33EC323E-3D25-4894-A938-21852249FFC7}.Release|Any CPU.Build.0 = Release|Any CPU
	EndGlobalSection
	GlobalSection(SolutionProperties) = preSolution
		HideSolutionNode = FALSE
	EndGlobalSection
	GlobalSection(ExtensibilityGlobals) = postSolution
		SolutionGuid = {43721823-C426-48F8-BAD0-1EF8462BD62E}
	EndGlobalSection
EndGlobal
